
Microsoft Visual Studio Solution File, Format Version 12.00
# Visual Studio 15
VisualStudioVersion = 15.0.26730.12
MinimumVisualStudioVersion = 10.0.40219.1
Project("{9A19103F-16F7-4668-BE54-9A1E7A4F7556}") = "phoenix", "phoenix\phoenix.csproj", "{157CDF32-9A4B-4F0C-B3FD-3773E8D85FE4}"
EndProject
Project("{9A19103F-16F7-4668-BE54-9A1E7A4F7556}") = "BusinessLibrary", "BusinessLibrary\BusinessLibrary.csproj", "{D1CBE7CE-FD87-417D-B455-1776D2F538CC}"
EndProject
Project("{9A19103F-16F7-4668-BE54-9A1E7A4F7556}") = "DataAccessLibrary", "DataAccessLibrary\DataAccessLibrary.csproj", "{6B07EF74-9E56-465A-9F59-46ECF2F43FAF}"
EndProject
Project("{FAE04EC0-301F-11D3-BF4B-00C04F79EFBC}") = "Models", "Models\Models.csproj", "{956C0E3E-D59C-45FE-89FC-4027E3CD9B32}"
EndProject
Global
	GlobalSection(SolutionConfigurationPlatforms) = preSolution
		Debug|Any CPU = Debug|Any CPU
		Release|Any CPU = Release|Any CPU
	EndGlobalSection
	GlobalSection(ProjectConfigurationPlatforms) = postSolution
		{157CDF32-9A4B-4F0C-B3FD-3773E8D85FE4}.Debug|Any CPU.ActiveCfg = Debug|Any CPU
		{157CDF32-9A4B-4F0C-B3FD-3773E8D85FE4}.Debug|Any CPU.Build.0 = Debug|Any CPU
		{157CDF32-9A4B-4F0C-B3FD-3773E8D85FE4}.Release|Any CPU.ActiveCfg = Release|Any CPU
		{157CDF32-9A4B-4F0C-B3FD-3773E8D85FE4}.Release|Any CPU.Build.0 = Release|Any CPU
		{D1CBE7CE-FD87-417D-B455-1776D2F538CC}.Debug|Any CPU.ActiveCfg = Debug|Any CPU
		{D1CBE7CE-FD87-417D-B455-1776D2F538CC}.Debug|Any CPU.Build.0 = Debug|Any CPU
		{D1CBE7CE-FD87-417D-B455-1776D2F538CC}.Release|Any CPU.ActiveCfg = Release|Any CPU
		{D1CBE7CE-FD87-417D-B455-1776D2F538CC}.Release|Any CPU.Build.0 = Release|Any CPU
		{6B07EF74-9E56-465A-9F59-46ECF2F43FAF}.Debug|Any CPU.ActiveCfg = Debug|Any CPU
		{6B07EF74-9E56-465A-9F59-46ECF2F43FAF}.Debug|Any CPU.Build.0 = Debug|Any CPU
		{6B07EF74-9E56-465A-9F59-46ECF2F43FAF}.Release|Any CPU.ActiveCfg = Release|Any CPU
		{6B07EF74-9E56-465A-9F59-46ECF2F43FAF}.Release|Any CPU.Build.0 = Release|Any CPU
		{956C0E3E-D59C-45FE-89FC-4027E3CD9B32}.Debug|Any CPU.ActiveCfg = Debug|Any CPU
		{956C0E3E-D59C-45FE-89FC-4027E3CD9B32}.Debug|Any CPU.Build.0 = Debug|Any CPU
		{956C0E3E-D59C-45FE-89FC-4027E3CD9B32}.Release|Any CPU.ActiveCfg = Release|Any CPU
		{956C0E3E-D59C-45FE-89FC-4027E3CD9B32}.Release|Any CPU.Build.0 = Release|Any CPU
	EndGlobalSection
	GlobalSection(SolutionProperties) = preSolution
		HideSolutionNode = FALSE
	EndGlobalSection
	GlobalSection(ExtensibilityGlobals) = postSolution
		SolutionGuid = {6CA802DF-6031-4BEB-B788-31A1A4B57A08}
	EndGlobalSection
EndGlobal
